# @generated by Move, please check-in and do not edit manually.

[move]
version = 3
manifest_digest = "6586A8734AA621FBAF26888E1EDF22ACD229AFE9119B9665FDBC74EFA625115A"
deps_digest = "F8BBB0CCB2491CA29A3DF03D6F92277A4F3574266507ACD77214D37ECA3F3082"
dependencies = [
  { id = "Iota", name = "Iota" },
]

[[move.package]]
id = "Iota"
source = { git = "https://github.com/iotaledger/iota.git", rev = "framework/testnet", subdir = "crates/iota-framework/packages/iota-framework" }

dependencies = [
  { id = "MoveStdlib", name = "MoveStdlib" },
]

[[move.package]]
id = "MoveStdlib"
source = { git = "https://github.com/iotaledger/iota.git", rev = "framework/testnet", subdir = "crates/iota-framework/packages/move-stdlib" }

[move.toolchain-version]
compiler-version = "1.12.0"
edition = "2024.beta"
flavor = "iota"

[env]

[env.testnet]
chain-id = "2304aa97"
original-published-id = "0x3597f5c17be5057c4c1be4e2301d5af33bebcf5bb89d53d9c7e2d7a377525959"
latest-published-id = "0x3597f5c17be5057c4c1be4e2301d5af33bebcf5bb89d53d9c7e2d7a377525959"
published-version = "1"
