# @generated by Move, please check-in and do not edit manually.

[move]
version = 3
manifest_digest = "48E9A94A328B127DDFC09176935508EB562C9658A55DF12F7DF6D798FDD7700F"
deps_digest = "F8BBB0CCB2491CA29A3DF03D6F92277A4F3574266507ACD77214D37ECA3F3082"
dependencies = [
  { id = "Iota", name = "Iota" },
]

[[move.package]]
id = "Iota"
source = { git = "https://github.com/iotaledger/iota.git", rev = "framework/testnet", subdir = "crates/iota-framework/packages/iota-framework" }

dependencies = [
  { id = "MoveStdlib", name = "MoveStdlib" },
]

[[move.package]]
id = "MoveStdlib"
source = { git = "https://github.com/iotaledger/iota.git", rev = "framework/testnet", subdir = "crates/iota-framework/packages/move-stdlib" }

[move.toolchain-version]
compiler-version = "1.12.0"
edition = "2024.beta"
flavor = "iota"

[env]

[env.testnet]
chain-id = "2304aa97"
original-published-id = "0xa53a4b57043d12512180a661615ee81f1bfd9dd0fa93939e154b7cc39e8ae2f6"
latest-published-id = "0xa53a4b57043d12512180a661615ee81f1bfd9dd0fa93939e154b7cc39e8ae2f6"
published-version = "1"
