# @generated by Move, please check-in and do not edit manually.

[move]
version = 3
manifest_digest = "72618D87EC7F545E4844908AE52489344D6B6D6824580F46CF41526ABCAD4B9C"
deps_digest = "F8BBB0CCB2491CA29A3DF03D6F92277A4F3574266507ACD77214D37ECA3F3082"
dependencies = [
  { id = "Iota", name = "Iota" },
]

[[move.package]]
id = "Iota"
source = { git = "https://github.com/iotaledger/iota.git", rev = "framework/testnet", subdir = "crates/iota-framework/packages/iota-framework" }

dependencies = [
  { id = "MoveStdlib", name = "MoveStdlib" },
]

[[move.package]]
id = "MoveStdlib"
source = { git = "https://github.com/iotaledger/iota.git", rev = "framework/testnet", subdir = "crates/iota-framework/packages/move-stdlib" }

[move.toolchain-version]
compiler-version = "1.12.0"
edition = "2024.beta"
flavor = "iota"

[env]

[env.testnet]
chain-id = "2304aa97"
original-published-id = "0x2ee861ccbdc2037ffa01250fdad78d94cd73f9e44b44cca5b82e249107a11edd"
latest-published-id = "0x2ee861ccbdc2037ffa01250fdad78d94cd73f9e44b44cca5b82e249107a11edd"
published-version = "1"
